
Microsoft Visual Studio Solution File, Format Version 12.00
# Visual Studio Version 17
VisualStudioVersion = 17.0.31912.275
MinimumVisualStudioVersion = 10.0.40219.1
Project("{FAE04EC0-301F-11D3-BF4B-00C04F79EFBC}") = "NewShopLavanderForWife", "NewShopLavanderForWife\NewShopLavanderForWife.csproj", "{8A5E4A59-0500-4A99-B6DA-33DD0B4C5582}"
EndProject
Global
	GlobalSection(SolutionConfigurationPlatforms) = preSolution
		Debug|Any CPU = Debug|Any CPU
		Release|Any CPU = Release|Any CPU
	EndGlobalSection
	GlobalSection(ProjectConfigurationPlatforms) = postSolution
		{8A5E4A59-0500-4A99-B6DA-33DD0B4C5582}.Debug|Any CPU.ActiveCfg = Debug|Any CPU
		{8A5E4A59-0500-4A99-B6DA-33DD0B4C5582}.Debug|Any CPU.Build.0 = Debug|Any CPU
		{8A5E4A59-0500-4A99-B6DA-33DD0B4C5582}.Release|Any CPU.ActiveCfg = Release|Any CPU
		{8A5E4A59-0500-4A99-B6DA-33DD0B4C5582}.Release|Any CPU.Build.0 = Release|Any CPU
	EndGlobalSection
	GlobalSection(SolutionProperties) = preSolution
		HideSolutionNode = FALSE
	EndGlobalSection
	GlobalSection(ExtensibilityGlobals) = postSolution
		SolutionGuid = {95C47017-0319-4D51-B074-5C378B42D1AD}
	EndGlobalSection
EndGlobal
